
Microsoft Visual Studio Solution File, Format Version 12.00
# Visual Studio Version 16
VisualStudioVersion = 16.0.29905.134
MinimumVisualStudioVersion = 10.0.40219.1
Project("{8BC9CEB8-8B4A-11D0-8D11-00A0C91BC942}") = "2020STL", "2020STL\2020STL.vcxproj", "{BCB373FE-589A-4622-8F65-D9C757531A81}"
EndProject
Project("{8BC9CEB8-8B4A-11D0-8D11-00A0C91BC942}") = "Project_7w", "Project_7w\Project_7w.vcxproj", "{63D0C3BB-2CED-41A1-8A5C-90B121A989FD}"
EndProject
Project("{8BC9CEB8-8B4A-11D0-8D11-00A0C91BC942}") = "Project_8w", "Project_8w\Project_8w.vcxproj", "{76E50423-0311-4722-BBAA-ADD831133005}"
EndProject
Project("{8BC9CEB8-8B4A-11D0-8D11-00A0C91BC942}") = "Project_10w", "Project_10w\Project_10w.vcxproj", "{E2EC3267-8CB7-4A3F-99F4-500FB072231C}"
EndProject
Global
	GlobalSection(SolutionConfigurationPlatforms) = preSolution
		Debug|x64 = Debug|x64
		Debug|x86 = Debug|x86
		Release|x64 = Release|x64
		Release|x86 = Release|x86
	EndGlobalSection
	GlobalSection(ProjectConfigurationPlatforms) = postSolution
		{BCB373FE-589A-4622-8F65-D9C757531A81}.Debug|x64.ActiveCfg = Debug|x64
		{BCB373FE-589A-4622-8F65-D9C757531A81}.Debug|x64.Build.0 = Debug|x64
		{BCB373FE-589A-4622-8F65-D9C757531A81}.Debug|x86.ActiveCfg = Debug|Win32
		{BCB373FE-589A-4622-8F65-D9C757531A81}.Debug|x86.Build.0 = Debug|Win32
		{BCB373FE-589A-4622-8F65-D9C757531A81}.Release|x64.ActiveCfg = Release|x64
		{BCB373FE-589A-4622-8F65-D9C757531A81}.Release|x64.Build.0 = Release|x64
		{BCB373FE-589A-4622-8F65-D9C757531A81}.Release|x86.ActiveCfg = Release|Win32
		{BCB373FE-589A-4622-8F65-D9C757531A81}.Release|x86.Build.0 = Release|Win32
		{63D0C3BB-2CED-41A1-8A5C-90B121A989FD}.Debug|x64.ActiveCfg = Debug|x64
		{63D0C3BB-2CED-41A1-8A5C-90B121A989FD}.Debug|x64.Build.0 = Debug|x64
		{63D0C3BB-2CED-41A1-8A5C-90B121A989FD}.Debug|x86.ActiveCfg = Debug|Win32
		{63D0C3BB-2CED-41A1-8A5C-90B121A989FD}.Debug|x86.Build.0 = Debug|Win32
		{63D0C3BB-2CED-41A1-8A5C-90B121A989FD}.Release|x64.ActiveCfg = Release|x64
		{63D0C3BB-2CED-41A1-8A5C-90B121A989FD}.Release|x64.Build.0 = Release|x64
		{63D0C3BB-2CED-41A1-8A5C-90B121A989FD}.Release|x86.ActiveCfg = Release|Win32
		{63D0C3BB-2CED-41A1-8A5C-90B121A989FD}.Release|x86.Build.0 = Release|Win32
		{76E50423-0311-4722-BBAA-ADD831133005}.Debug|x64.ActiveCfg = Debug|x64
		{76E50423-0311-4722-BBAA-ADD831133005}.Debug|x64.Build.0 = Debug|x64
		{76E50423-0311-4722-BBAA-ADD831133005}.Debug|x86.ActiveCfg = Debug|Win32
		{76E50423-0311-4722-BBAA-ADD831133005}.Debug|x86.Build.0 = Debug|Win32
		{76E50423-0311-4722-BBAA-ADD831133005}.Release|x64.ActiveCfg = Release|x64
		{76E50423-0311-4722-BBAA-ADD831133005}.Release|x64.Build.0 = Release|x64
		{76E50423-0311-4722-BBAA-ADD831133005}.Release|x86.ActiveCfg = Release|Win32
		{76E50423-0311-4722-BBAA-ADD831133005}.Release|x86.Build.0 = Release|Win32
		{E2EC3267-8CB7-4A3F-99F4-500FB072231C}.Debug|x64.ActiveCfg = Debug|x64
		{E2EC3267-8CB7-4A3F-99F4-500FB072231C}.Debug|x64.Build.0 = Debug|x64
		{E2EC3267-8CB7-4A3F-99F4-500FB072231C}.Debug|x86.ActiveCfg = Debug|Win32
		{E2EC3267-8CB7-4A3F-99F4-500FB072231C}.Debug|x86.Build.0 = Debug|Win32
		{E2EC3267-8CB7-4A3F-99F4-500FB072231C}.Release|x64.ActiveCfg = Release|x64
		{E2EC3267-8CB7-4A3F-99F4-500FB072231C}.Release|x64.Build.0 = Release|x64
		{E2EC3267-8CB7-4A3F-99F4-500FB072231C}.Release|x86.ActiveCfg = Release|Win32
		{E2EC3267-8CB7-4A3F-99F4-500FB072231C}.Release|x86.Build.0 = Release|Win32
	EndGlobalSection
	GlobalSection(SolutionProperties) = preSolution
		HideSolutionNode = FALSE
	EndGlobalSection
	GlobalSection(ExtensibilityGlobals) = postSolution
		SolutionGuid = {9010769F-E64F-449C-9AB1-038EAAA2605F}
	EndGlobalSection
EndGlobal
