
Microsoft Visual Studio Solution File, Format Version 12.00
# Visual Studio Version 16
VisualStudioVersion = 16.0.29905.134
MinimumVisualStudioVersion = 10.0.40219.1
Project("{8BC9CEB8-8B4A-11D0-8D11-00A0C91BC942}") = "2020STL", "2020STL\2020STL.vcxproj", "{BCB373FE-589A-4622-8F65-D9C757531A81}"
EndProject
Project("{8BC9CEB8-8B4A-11D0-8D11-00A0C91BC942}") = "Project_7w", "Project_7w\Project_7w.vcxproj", "{63D0C3BB-2CED-41A1-8A5C-90B121A989FD}"
EndProject
Project("{8BC9CEB8-8B4A-11D0-8D11-00A0C91BC942}") = "Project_8w", "Project_8w\Project_8w.vcxproj", "{76E50423-0311-4722-BBAA-ADD831133005}"
EndProject
<<<<<<< HEAD
Project("{8BC9CEB8-8B4A-11D0-8D11-00A0C91BC942}") = "Project_10w", "Project_10w\Project_10w.vcxproj", "{E2EC3267-8CB7-4A3F-99F4-500FB072231C}"
EndProject
Project("{8BC9CEB8-8B4A-11D0-8D11-00A0C91BC942}") = "Project_Ranking", "Project_Ranking\Project_Ranking.vcxproj", "{8EBBD22E-8450-4AF8-BA84-BCFAFD6DB3D9}"
=======
Project("{8BC9CEB8-8B4A-11D0-8D11-00A0C91BC942}") = "Project_11w", "Project_11w\Project_11w.vcxproj", "{96C2B319-AA60-4ABD-9988-D0C5BDEC434C}"
EndProject
Project("{8BC9CEB8-8B4A-11D0-8D11-00A0C91BC942}") = "Project_10w", "Project_10w\Project_10w.vcxproj", "{9B58AD9E-C374-4B59-82F0-8564CD6FFE50}"
EndProject
Project("{8BC9CEB8-8B4A-11D0-8D11-00A0C91BC942}") = "Project_Ranking", "Project_Ranking\Project_Ranking.vcxproj", "{9935FBF3-1187-4453-A55D-AB380EA8B391}"
>>>>>>> c32f4bb28688e8338e4405efa85089833d1c5133
EndProject
Global
	GlobalSection(SolutionConfigurationPlatforms) = preSolution
		Debug|x64 = Debug|x64
		Debug|x86 = Debug|x86
		Release|x64 = Release|x64
		Release|x86 = Release|x86
	EndGlobalSection
	GlobalSection(ProjectConfigurationPlatforms) = postSolution
		{BCB373FE-589A-4622-8F65-D9C757531A81}.Debug|x64.ActiveCfg = Debug|x64
		{BCB373FE-589A-4622-8F65-D9C757531A81}.Debug|x64.Build.0 = Debug|x64
		{BCB373FE-589A-4622-8F65-D9C757531A81}.Debug|x86.ActiveCfg = Debug|Win32
		{BCB373FE-589A-4622-8F65-D9C757531A81}.Debug|x86.Build.0 = Debug|Win32
		{BCB373FE-589A-4622-8F65-D9C757531A81}.Release|x64.ActiveCfg = Release|x64
		{BCB373FE-589A-4622-8F65-D9C757531A81}.Release|x64.Build.0 = Release|x64
		{BCB373FE-589A-4622-8F65-D9C757531A81}.Release|x86.ActiveCfg = Release|x64
		{BCB373FE-589A-4622-8F65-D9C757531A81}.Release|x86.Build.0 = Release|x64
		{63D0C3BB-2CED-41A1-8A5C-90B121A989FD}.Debug|x64.ActiveCfg = Debug|x64
		{63D0C3BB-2CED-41A1-8A5C-90B121A989FD}.Debug|x64.Build.0 = Debug|x64
		{63D0C3BB-2CED-41A1-8A5C-90B121A989FD}.Debug|x86.ActiveCfg = Debug|Win32
		{63D0C3BB-2CED-41A1-8A5C-90B121A989FD}.Debug|x86.Build.0 = Debug|Win32
		{63D0C3BB-2CED-41A1-8A5C-90B121A989FD}.Release|x64.ActiveCfg = Release|x64
		{63D0C3BB-2CED-41A1-8A5C-90B121A989FD}.Release|x64.Build.0 = Release|x64
		{63D0C3BB-2CED-41A1-8A5C-90B121A989FD}.Release|x86.ActiveCfg = Release|x64
		{63D0C3BB-2CED-41A1-8A5C-90B121A989FD}.Release|x86.Build.0 = Release|x64
		{76E50423-0311-4722-BBAA-ADD831133005}.Debug|x64.ActiveCfg = Debug|x64
		{76E50423-0311-4722-BBAA-ADD831133005}.Debug|x64.Build.0 = Debug|x64
		{76E50423-0311-4722-BBAA-ADD831133005}.Debug|x86.ActiveCfg = Debug|Win32
		{76E50423-0311-4722-BBAA-ADD831133005}.Debug|x86.Build.0 = Debug|Win32
		{76E50423-0311-4722-BBAA-ADD831133005}.Release|x64.ActiveCfg = Release|x64
		{76E50423-0311-4722-BBAA-ADD831133005}.Release|x64.Build.0 = Release|x64
<<<<<<< HEAD
		{76E50423-0311-4722-BBAA-ADD831133005}.Release|x86.ActiveCfg = Release|Win32
		{76E50423-0311-4722-BBAA-ADD831133005}.Release|x86.Build.0 = Release|Win32
		{E2EC3267-8CB7-4A3F-99F4-500FB072231C}.Debug|x64.ActiveCfg = Debug|x64
		{E2EC3267-8CB7-4A3F-99F4-500FB072231C}.Debug|x64.Build.0 = Debug|x64
		{E2EC3267-8CB7-4A3F-99F4-500FB072231C}.Debug|x86.ActiveCfg = Debug|Win32
		{E2EC3267-8CB7-4A3F-99F4-500FB072231C}.Debug|x86.Build.0 = Debug|Win32
		{E2EC3267-8CB7-4A3F-99F4-500FB072231C}.Release|x64.ActiveCfg = Release|x64
		{E2EC3267-8CB7-4A3F-99F4-500FB072231C}.Release|x64.Build.0 = Release|x64
		{E2EC3267-8CB7-4A3F-99F4-500FB072231C}.Release|x86.ActiveCfg = Release|Win32
		{E2EC3267-8CB7-4A3F-99F4-500FB072231C}.Release|x86.Build.0 = Release|Win32
		{8EBBD22E-8450-4AF8-BA84-BCFAFD6DB3D9}.Debug|x64.ActiveCfg = Debug|x64
		{8EBBD22E-8450-4AF8-BA84-BCFAFD6DB3D9}.Debug|x64.Build.0 = Debug|x64
		{8EBBD22E-8450-4AF8-BA84-BCFAFD6DB3D9}.Debug|x86.ActiveCfg = Debug|Win32
		{8EBBD22E-8450-4AF8-BA84-BCFAFD6DB3D9}.Debug|x86.Build.0 = Debug|Win32
		{8EBBD22E-8450-4AF8-BA84-BCFAFD6DB3D9}.Release|x64.ActiveCfg = Release|x64
		{8EBBD22E-8450-4AF8-BA84-BCFAFD6DB3D9}.Release|x64.Build.0 = Release|x64
		{8EBBD22E-8450-4AF8-BA84-BCFAFD6DB3D9}.Release|x86.ActiveCfg = Release|Win32
		{8EBBD22E-8450-4AF8-BA84-BCFAFD6DB3D9}.Release|x86.Build.0 = Release|Win32
=======
		{76E50423-0311-4722-BBAA-ADD831133005}.Release|x86.ActiveCfg = Release|x64
		{76E50423-0311-4722-BBAA-ADD831133005}.Release|x86.Build.0 = Release|x64
		{96C2B319-AA60-4ABD-9988-D0C5BDEC434C}.Debug|x64.ActiveCfg = Debug|x64
		{96C2B319-AA60-4ABD-9988-D0C5BDEC434C}.Debug|x64.Build.0 = Debug|x64
		{96C2B319-AA60-4ABD-9988-D0C5BDEC434C}.Debug|x86.ActiveCfg = Debug|Win32
		{96C2B319-AA60-4ABD-9988-D0C5BDEC434C}.Debug|x86.Build.0 = Debug|Win32
		{96C2B319-AA60-4ABD-9988-D0C5BDEC434C}.Release|x64.ActiveCfg = Release|x64
		{96C2B319-AA60-4ABD-9988-D0C5BDEC434C}.Release|x64.Build.0 = Release|x64
		{96C2B319-AA60-4ABD-9988-D0C5BDEC434C}.Release|x86.ActiveCfg = Release|x64
		{96C2B319-AA60-4ABD-9988-D0C5BDEC434C}.Release|x86.Build.0 = Release|x64
		{9B58AD9E-C374-4B59-82F0-8564CD6FFE50}.Debug|x64.ActiveCfg = Debug|x64
		{9B58AD9E-C374-4B59-82F0-8564CD6FFE50}.Debug|x64.Build.0 = Debug|x64
		{9B58AD9E-C374-4B59-82F0-8564CD6FFE50}.Debug|x86.ActiveCfg = Debug|Win32
		{9B58AD9E-C374-4B59-82F0-8564CD6FFE50}.Debug|x86.Build.0 = Debug|Win32
		{9B58AD9E-C374-4B59-82F0-8564CD6FFE50}.Release|x64.ActiveCfg = Release|x64
		{9B58AD9E-C374-4B59-82F0-8564CD6FFE50}.Release|x64.Build.0 = Release|x64
		{9B58AD9E-C374-4B59-82F0-8564CD6FFE50}.Release|x86.ActiveCfg = Release|x64
		{9B58AD9E-C374-4B59-82F0-8564CD6FFE50}.Release|x86.Build.0 = Release|x64
		{9935FBF3-1187-4453-A55D-AB380EA8B391}.Debug|x64.ActiveCfg = Debug|x64
		{9935FBF3-1187-4453-A55D-AB380EA8B391}.Debug|x64.Build.0 = Debug|x64
		{9935FBF3-1187-4453-A55D-AB380EA8B391}.Debug|x86.ActiveCfg = Debug|Win32
		{9935FBF3-1187-4453-A55D-AB380EA8B391}.Debug|x86.Build.0 = Debug|Win32
		{9935FBF3-1187-4453-A55D-AB380EA8B391}.Release|x64.ActiveCfg = Release|x64
		{9935FBF3-1187-4453-A55D-AB380EA8B391}.Release|x64.Build.0 = Release|x64
		{9935FBF3-1187-4453-A55D-AB380EA8B391}.Release|x86.ActiveCfg = Release|x64
		{9935FBF3-1187-4453-A55D-AB380EA8B391}.Release|x86.Build.0 = Release|x64
>>>>>>> c32f4bb28688e8338e4405efa85089833d1c5133
	EndGlobalSection
	GlobalSection(SolutionProperties) = preSolution
		HideSolutionNode = FALSE
	EndGlobalSection
	GlobalSection(ExtensibilityGlobals) = postSolution
		SolutionGuid = {9010769F-E64F-449C-9AB1-038EAAA2605F}
	EndGlobalSection
EndGlobal
