
Microsoft Visual Studio Solution File, Format Version 12.00
# Visual Studio Version 16
VisualStudioVersion = 16.0.30114.105
MinimumVisualStudioVersion = 10.0.40219.1
Project("{8BC9CEB8-8B4A-11D0-8D11-00A0C91BC942}") = "LabProject00", "LabProject00\LabProject00.vcxproj", "{9C5DC15B-1717-4915-B3DE-6D20FF04CBAA}"
EndProject
Project("{8BC9CEB8-8B4A-11D0-8D11-00A0C91BC942}") = "LabProject02", "LabProject02\LabProject02.vcxproj", "{81F3D282-0A51-47E9-BA78-BD1BA65EB83C}"
EndProject
Project("{8BC9CEB8-8B4A-11D0-8D11-00A0C91BC942}") = "LabProject02-1", "LabProject02-1\LabProject02-1.vcxproj", "{C898F130-2ECF-4DA6-ACF8-47C2E86BDDF4}"
EndProject
Project("{8BC9CEB8-8B4A-11D0-8D11-00A0C91BC942}") = "LabProject01", "LabProject01\LabProject.vcxproj", "{EE18299B-05F9-4236-8D11-55BEA6E6E8FE}"
EndProject
Project("{8BC9CEB8-8B4A-11D0-8D11-00A0C91BC942}") = "LabProject03", "LabProject03\LabProject03.vcxproj", "{2A4792E8-BECE-47D4-9097-2D4B60748C2C}"
EndProject
Project("{8BC9CEB8-8B4A-11D0-8D11-00A0C91BC942}") = "LabProject04", "LabProject04\LabProject04.vcxproj", "{2F093E89-8924-48B8-88E1-C8A253E860F9}"
EndProject
Project("{8BC9CEB8-8B4A-11D0-8D11-00A0C91BC942}") = "LabProject05", "LabProject05\LabProject05.vcxproj", "{DBCB6AFF-4BE6-4D00-8AA9-FB83D736AC96}"
EndProject
Project("{8BC9CEB8-8B4A-11D0-8D11-00A0C91BC942}") = "LabProject06", "LabProject06\LabProject06.vcxproj", "{117BB193-19D3-4A54-9FF9-4EB16A5F54F4}"
EndProject
Project("{8BC9CEB8-8B4A-11D0-8D11-00A0C91BC942}") = "LabProject07", "LabProject07\LabProject07.vcxproj", "{14C0C87B-5A40-4475-BBC9-AF6724B2C8B4}"
EndProject
Global
	GlobalSection(SolutionConfigurationPlatforms) = preSolution
		Debug|x64 = Debug|x64
		Debug|x86 = Debug|x86
		Release|x64 = Release|x64
		Release|x86 = Release|x86
	EndGlobalSection
	GlobalSection(ProjectConfigurationPlatforms) = postSolution
		{9C5DC15B-1717-4915-B3DE-6D20FF04CBAA}.Debug|x64.ActiveCfg = Debug|x64
		{9C5DC15B-1717-4915-B3DE-6D20FF04CBAA}.Debug|x64.Build.0 = Debug|x64
		{9C5DC15B-1717-4915-B3DE-6D20FF04CBAA}.Debug|x86.ActiveCfg = Debug|Win32
		{9C5DC15B-1717-4915-B3DE-6D20FF04CBAA}.Debug|x86.Build.0 = Debug|Win32
		{9C5DC15B-1717-4915-B3DE-6D20FF04CBAA}.Release|x64.ActiveCfg = Release|x64
		{9C5DC15B-1717-4915-B3DE-6D20FF04CBAA}.Release|x64.Build.0 = Release|x64
		{9C5DC15B-1717-4915-B3DE-6D20FF04CBAA}.Release|x86.ActiveCfg = Release|Win32
		{9C5DC15B-1717-4915-B3DE-6D20FF04CBAA}.Release|x86.Build.0 = Release|Win32
		{81F3D282-0A51-47E9-BA78-BD1BA65EB83C}.Debug|x64.ActiveCfg = Debug|x64
		{81F3D282-0A51-47E9-BA78-BD1BA65EB83C}.Debug|x64.Build.0 = Debug|x64
		{81F3D282-0A51-47E9-BA78-BD1BA65EB83C}.Debug|x86.ActiveCfg = Debug|Win32
		{81F3D282-0A51-47E9-BA78-BD1BA65EB83C}.Debug|x86.Build.0 = Debug|Win32
		{81F3D282-0A51-47E9-BA78-BD1BA65EB83C}.Release|x64.ActiveCfg = Release|x64
		{81F3D282-0A51-47E9-BA78-BD1BA65EB83C}.Release|x64.Build.0 = Release|x64
		{81F3D282-0A51-47E9-BA78-BD1BA65EB83C}.Release|x86.ActiveCfg = Release|Win32
		{81F3D282-0A51-47E9-BA78-BD1BA65EB83C}.Release|x86.Build.0 = Release|Win32
		{C898F130-2ECF-4DA6-ACF8-47C2E86BDDF4}.Debug|x64.ActiveCfg = Debug|x64
		{C898F130-2ECF-4DA6-ACF8-47C2E86BDDF4}.Debug|x64.Build.0 = Debug|x64
		{C898F130-2ECF-4DA6-ACF8-47C2E86BDDF4}.Debug|x86.ActiveCfg = Debug|Win32
		{C898F130-2ECF-4DA6-ACF8-47C2E86BDDF4}.Debug|x86.Build.0 = Debug|Win32
		{C898F130-2ECF-4DA6-ACF8-47C2E86BDDF4}.Release|x64.ActiveCfg = Release|x64
		{C898F130-2ECF-4DA6-ACF8-47C2E86BDDF4}.Release|x64.Build.0 = Release|x64
		{C898F130-2ECF-4DA6-ACF8-47C2E86BDDF4}.Release|x86.ActiveCfg = Release|Win32
		{C898F130-2ECF-4DA6-ACF8-47C2E86BDDF4}.Release|x86.Build.0 = Release|Win32
		{EE18299B-05F9-4236-8D11-55BEA6E6E8FE}.Debug|x64.ActiveCfg = Debug|x64
		{EE18299B-05F9-4236-8D11-55BEA6E6E8FE}.Debug|x64.Build.0 = Debug|x64
		{EE18299B-05F9-4236-8D11-55BEA6E6E8FE}.Debug|x86.ActiveCfg = Debug|Win32
		{EE18299B-05F9-4236-8D11-55BEA6E6E8FE}.Debug|x86.Build.0 = Debug|Win32
		{EE18299B-05F9-4236-8D11-55BEA6E6E8FE}.Release|x64.ActiveCfg = Release|x64
		{EE18299B-05F9-4236-8D11-55BEA6E6E8FE}.Release|x64.Build.0 = Release|x64
		{EE18299B-05F9-4236-8D11-55BEA6E6E8FE}.Release|x86.ActiveCfg = Release|Win32
		{EE18299B-05F9-4236-8D11-55BEA6E6E8FE}.Release|x86.Build.0 = Release|Win32
		{2A4792E8-BECE-47D4-9097-2D4B60748C2C}.Debug|x64.ActiveCfg = Debug|x64
		{2A4792E8-BECE-47D4-9097-2D4B60748C2C}.Debug|x64.Build.0 = Debug|x64
		{2A4792E8-BECE-47D4-9097-2D4B60748C2C}.Debug|x86.ActiveCfg = Debug|Win32
		{2A4792E8-BECE-47D4-9097-2D4B60748C2C}.Debug|x86.Build.0 = Debug|Win32
		{2A4792E8-BECE-47D4-9097-2D4B60748C2C}.Release|x64.ActiveCfg = Release|x64
		{2A4792E8-BECE-47D4-9097-2D4B60748C2C}.Release|x64.Build.0 = Release|x64
		{2A4792E8-BECE-47D4-9097-2D4B60748C2C}.Release|x86.ActiveCfg = Release|Win32
		{2A4792E8-BECE-47D4-9097-2D4B60748C2C}.Release|x86.Build.0 = Release|Win32
		{2F093E89-8924-48B8-88E1-C8A253E860F9}.Debug|x64.ActiveCfg = Debug|x64
		{2F093E89-8924-48B8-88E1-C8A253E860F9}.Debug|x64.Build.0 = Debug|x64
		{2F093E89-8924-48B8-88E1-C8A253E860F9}.Debug|x86.ActiveCfg = Debug|Win32
		{2F093E89-8924-48B8-88E1-C8A253E860F9}.Debug|x86.Build.0 = Debug|Win32
		{2F093E89-8924-48B8-88E1-C8A253E860F9}.Release|x64.ActiveCfg = Release|x64
		{2F093E89-8924-48B8-88E1-C8A253E860F9}.Release|x64.Build.0 = Release|x64
		{2F093E89-8924-48B8-88E1-C8A253E860F9}.Release|x86.ActiveCfg = Release|Win32
		{2F093E89-8924-48B8-88E1-C8A253E860F9}.Release|x86.Build.0 = Release|Win32
		{DBCB6AFF-4BE6-4D00-8AA9-FB83D736AC96}.Debug|x64.ActiveCfg = Debug|x64
		{DBCB6AFF-4BE6-4D00-8AA9-FB83D736AC96}.Debug|x64.Build.0 = Debug|x64
		{DBCB6AFF-4BE6-4D00-8AA9-FB83D736AC96}.Debug|x86.ActiveCfg = Debug|Win32
		{DBCB6AFF-4BE6-4D00-8AA9-FB83D736AC96}.Debug|x86.Build.0 = Debug|Win32
		{DBCB6AFF-4BE6-4D00-8AA9-FB83D736AC96}.Release|x64.ActiveCfg = Release|x64
		{DBCB6AFF-4BE6-4D00-8AA9-FB83D736AC96}.Release|x64.Build.0 = Release|x64
		{DBCB6AFF-4BE6-4D00-8AA9-FB83D736AC96}.Release|x86.ActiveCfg = Release|Win32
		{DBCB6AFF-4BE6-4D00-8AA9-FB83D736AC96}.Release|x86.Build.0 = Release|Win32
		{117BB193-19D3-4A54-9FF9-4EB16A5F54F4}.Debug|x64.ActiveCfg = Debug|x64
		{117BB193-19D3-4A54-9FF9-4EB16A5F54F4}.Debug|x64.Build.0 = Debug|x64
		{117BB193-19D3-4A54-9FF9-4EB16A5F54F4}.Debug|x86.ActiveCfg = Debug|Win32
		{117BB193-19D3-4A54-9FF9-4EB16A5F54F4}.Debug|x86.Build.0 = Debug|Win32
		{117BB193-19D3-4A54-9FF9-4EB16A5F54F4}.Release|x64.ActiveCfg = Release|x64
		{117BB193-19D3-4A54-9FF9-4EB16A5F54F4}.Release|x64.Build.0 = Release|x64
		{117BB193-19D3-4A54-9FF9-4EB16A5F54F4}.Release|x86.ActiveCfg = Release|Win32
		{117BB193-19D3-4A54-9FF9-4EB16A5F54F4}.Release|x86.Build.0 = Release|Win32
		{14C0C87B-5A40-4475-BBC9-AF6724B2C8B4}.Debug|x64.ActiveCfg = Debug|x64
		{14C0C87B-5A40-4475-BBC9-AF6724B2C8B4}.Debug|x64.Build.0 = Debug|x64
		{14C0C87B-5A40-4475-BBC9-AF6724B2C8B4}.Debug|x86.ActiveCfg = Debug|Win32
		{14C0C87B-5A40-4475-BBC9-AF6724B2C8B4}.Debug|x86.Build.0 = Debug|Win32
		{14C0C87B-5A40-4475-BBC9-AF6724B2C8B4}.Release|x64.ActiveCfg = Release|x64
		{14C0C87B-5A40-4475-BBC9-AF6724B2C8B4}.Release|x64.Build.0 = Release|x64
		{14C0C87B-5A40-4475-BBC9-AF6724B2C8B4}.Release|x86.ActiveCfg = Release|Win32
		{14C0C87B-5A40-4475-BBC9-AF6724B2C8B4}.Release|x86.Build.0 = Release|Win32
	EndGlobalSection
	GlobalSection(SolutionProperties) = preSolution
		HideSolutionNode = FALSE
	EndGlobalSection
	GlobalSection(ExtensibilityGlobals) = postSolution
		SolutionGuid = {FF643C7C-5E9C-4C70-9B56-518DB6D5838B}
	EndGlobalSection
EndGlobal
